// !$*UTF8*$!
{
	archiveVersion = 1;
	classes = {
	};
	objectVersion = 55;
	objects = {

/* Begin PBXBuildFile section */
		05CF0F88279EA65600215CD8 /* AppDelegate.swift in Sources */ = {isa = PBXBuildFile; fileRef = 05CF0F87279EA65600215CD8 /* AppDelegate.swift */; };
		05CF0F91279EA65800215CD8 /* Assets.xcassets in Resources */ = {isa = PBXBuildFile; fileRef = 05CF0F90279EA65800215CD8 /* Assets.xcassets */; };
		05CF0F94279EA65800215CD8 /* LaunchScreen.storyboard in Resources */ = {isa = PBXBuildFile; fileRef = 05CF0F92279EA65800215CD8 /* LaunchScreen.storyboard */; };
		05CF0F9C279EA8CB00215CD8 /* HomeView.swift in Sources */ = {isa = PBXBuildFile; fileRef = 05CF0F9B279EA8CB00215CD8 /* HomeView.swift */; };
		05CF0FA3279EAF4200215CD8 /* SDWebImageSwiftUI in Frameworks */ = {isa = PBXBuildFile; productRef = 05CF0FA2279EAF4200215CD8 /* SDWebImageSwiftUI */; };
		05CF0FA5279EB0D700215CD8 /* Credentials.swift in Sources */ = {isa = PBXBuildFile; fileRef = 05CF0FA4279EB0D700215CD8 /* Credentials.swift */; };
		05CF0FA8279EB14000215CD8 /* View+extensions.swift in Sources */ = {isa = PBXBuildFile; fileRef = 05CF0FA7279EB14000215CD8 /* View+extensions.swift */; };
		05CF0FAA279EB18E00215CD8 /* HomeViewModel.swift in Sources */ = {isa = PBXBuildFile; fileRef = 05CF0FA9279EB18E00215CD8 /* HomeViewModel.swift */; };
		05CF0FAE279EB1EB00215CD8 /* CharactersScreenView.swift in Sources */ = {isa = PBXBuildFile; fileRef = 05CF0FAD279EB1EB00215CD8 /* CharactersScreenView.swift */; };
		05CF0FB0279EB40700215CD8 /* CharactersViewModel.swift in Sources */ = {isa = PBXBuildFile; fileRef = 05CF0FAF279EB40700215CD8 /* CharactersViewModel.swift */; };
		05CF0FB2279EB87E00215CD8 /* CharactersAction.swift in Sources */ = {isa = PBXBuildFile; fileRef = 05CF0FB1279EB87E00215CD8 /* CharactersAction.swift */; };
		05CF0FB4279EB88900215CD8 /* CharactersRoute.swift in Sources */ = {isa = PBXBuildFile; fileRef = 05CF0FB3279EB88900215CD8 /* CharactersRoute.swift */; };
		05CF0FB6279EBC6500215CD8 /* CharactersState.swift in Sources */ = {isa = PBXBuildFile; fileRef = 05CF0FB5279EBC6500215CD8 /* CharactersState.swift */; };
		05CF0FB8279EBEE900215CD8 /* Binding+extensions.swift in Sources */ = {isa = PBXBuildFile; fileRef = 05CF0FB7279EBEE900215CD8 /* Binding+extensions.swift */; };
		05CF0FBB279ECAAE00215CD8 /* InputAction.swift in Sources */ = {isa = PBXBuildFile; fileRef = 05CF0FBA279ECAAE00215CD8 /* InputAction.swift */; };
		05CF0FBD279ECAED00215CD8 /* ViewModelStatefull.swift in Sources */ = {isa = PBXBuildFile; fileRef = 05CF0FBC279ECAED00215CD8 /* ViewModelStatefull.swift */; };
		05CF0FBF279ECD7100215CD8 /* ViewState.swift in Sources */ = {isa = PBXBuildFile; fileRef = 05CF0FBE279ECD7100215CD8 /* ViewState.swift */; };
		05CF0FC1279ECE2F00215CD8 /* CharactersModel.swift in Sources */ = {isa = PBXBuildFile; fileRef = 05CF0FC0279ECE2E00215CD8 /* CharactersModel.swift */; };
		05CF0FC3279ED0BE00215CD8 /* ViewRoute.swift in Sources */ = {isa = PBXBuildFile; fileRef = 05CF0FC2279ED0BE00215CD8 /* ViewRoute.swift */; };
		05CF0FC5279ED75D00215CD8 /* BaseView.swift in Sources */ = {isa = PBXBuildFile; fileRef = 05CF0FC4279ED75D00215CD8 /* BaseView.swift */; };
		05CF0FCC279EEB7700215CD8 /* CharacterDetalsScreenView.swift in Sources */ = {isa = PBXBuildFile; fileRef = 05CF0FCB279EEB7700215CD8 /* CharacterDetalsScreenView.swift */; };
		05CF0FD0279EFB2E00215CD8 /* ThirdView.swift in Sources */ = {isa = PBXBuildFile; fileRef = 05CF0FCF279EFB2E00215CD8 /* ThirdView.swift */; };
		05CF0FD5279F018900215CD8 /* Navigation.swift in Sources */ = {isa = PBXBuildFile; fileRef = 05CF0FD4279F018900215CD8 /* Navigation.swift */; };
		05CF0FD7279F019400215CD8 /* NavigationType.swift in Sources */ = {isa = PBXBuildFile; fileRef = 05CF0FD6279F019400215CD8 /* NavigationType.swift */; };
		05CF0FD9279F019C00215CD8 /* NavigationViewModifier.swift in Sources */ = {isa = PBXBuildFile; fileRef = 05CF0FD8279F019C00215CD8 /* NavigationViewModifier.swift */; };
		05CF0FDD279FFFF300215CD8 /* ViewAlertInfo.swift in Sources */ = {isa = PBXBuildFile; fileRef = 05CF0FDC279FFFF300215CD8 /* ViewAlertInfo.swift */; };
		05CF0FDF27A008DA00215CD8 /* TabView+extensions.swift in Sources */ = {isa = PBXBuildFile; fileRef = 05CF0FDE27A008DA00215CD8 /* TabView+extensions.swift */; };
/* End PBXBuildFile section */

/* Begin PBXFileReference section */
		05CF0F84279EA65600215CD8 /* Marvel_SwiftUI_MVI.app */ = {isa = PBXFileReference; explicitFileType = wrapper.application; includeInIndex = 0; path = Marvel_SwiftUI_MVI.app; sourceTree = BUILT_PRODUCTS_DIR; };
		05CF0F87279EA65600215CD8 /* AppDelegate.swift */ = {isa = PBXFileReference; lastKnownFileType = sourcecode.swift; path = AppDelegate.swift; sourceTree = "<group>"; };
		05CF0F90279EA65800215CD8 /* Assets.xcassets */ = {isa = PBXFileReference; lastKnownFileType = folder.assetcatalog; path = Assets.xcassets; sourceTree = "<group>"; };
		05CF0F93279EA65800215CD8 /* Base */ = {isa = PBXFileReference; lastKnownFileType = file.storyboard; name = Base; path = Base.lproj/LaunchScreen.storyboard; sourceTree = "<group>"; };
		05CF0F95279EA65800215CD8 /* Info.plist */ = {isa = PBXFileReference; lastKnownFileType = text.plist.xml; path = Info.plist; sourceTree = "<group>"; };
		05CF0F9B279EA8CB00215CD8 /* HomeView.swift */ = {isa = PBXFileReference; lastKnownFileType = sourcecode.swift; path = HomeView.swift; sourceTree = "<group>"; };
		05CF0FA4279EB0D700215CD8 /* Credentials.swift */ = {isa = PBXFileReference; lastKnownFileType = sourcecode.swift; path = Credentials.swift; sourceTree = "<group>"; };
		05CF0FA7279EB14000215CD8 /* View+extensions.swift */ = {isa = PBXFileReference; lastKnownFileType = sourcecode.swift; path = "View+extensions.swift"; sourceTree = "<group>"; };
		05CF0FA9279EB18E00215CD8 /* HomeViewModel.swift */ = {isa = PBXFileReference; lastKnownFileType = sourcecode.swift; path = HomeViewModel.swift; sourceTree = "<group>"; };
		05CF0FAD279EB1EB00215CD8 /* CharactersScreenView.swift */ = {isa = PBXFileReference; lastKnownFileType = sourcecode.swift; path = CharactersScreenView.swift; sourceTree = "<group>"; };
		05CF0FAF279EB40700215CD8 /* CharactersViewModel.swift */ = {isa = PBXFileReference; lastKnownFileType = sourcecode.swift; path = CharactersViewModel.swift; sourceTree = "<group>"; };
		05CF0FB1279EB87E00215CD8 /* CharactersAction.swift */ = {isa = PBXFileReference; lastKnownFileType = sourcecode.swift; path = CharactersAction.swift; sourceTree = "<group>"; };
		05CF0FB3279EB88900215CD8 /* CharactersRoute.swift */ = {isa = PBXFileReference; lastKnownFileType = sourcecode.swift; path = CharactersRoute.swift; sourceTree = "<group>"; };
		05CF0FB5279EBC6500215CD8 /* CharactersState.swift */ = {isa = PBXFileReference; lastKnownFileType = sourcecode.swift; path = CharactersState.swift; sourceTree = "<group>"; };
		05CF0FB7279EBEE900215CD8 /* Binding+extensions.swift */ = {isa = PBXFileReference; lastKnownFileType = sourcecode.swift; path = "Binding+extensions.swift"; sourceTree = "<group>"; };
		05CF0FBA279ECAAE00215CD8 /* InputAction.swift */ = {isa = PBXFileReference; lastKnownFileType = sourcecode.swift; path = InputAction.swift; sourceTree = "<group>"; };
		05CF0FBC279ECAED00215CD8 /* ViewModelStatefull.swift */ = {isa = PBXFileReference; lastKnownFileType = sourcecode.swift; path = ViewModelStatefull.swift; sourceTree = "<group>"; };
		05CF0FBE279ECD7100215CD8 /* ViewState.swift */ = {isa = PBXFileReference; lastKnownFileType = sourcecode.swift; path = ViewState.swift; sourceTree = "<group>"; };
		05CF0FC0279ECE2E00215CD8 /* CharactersModel.swift */ = {isa = PBXFileReference; lastKnownFileType = sourcecode.swift; path = CharactersModel.swift; sourceTree = "<group>"; };
		05CF0FC2279ED0BE00215CD8 /* ViewRoute.swift */ = {isa = PBXFileReference; lastKnownFileType = sourcecode.swift; path = ViewRoute.swift; sourceTree = "<group>"; };
		05CF0FC4279ED75D00215CD8 /* BaseView.swift */ = {isa = PBXFileReference; lastKnownFileType = sourcecode.swift; path = BaseView.swift; sourceTree = "<group>"; };
		05CF0FCB279EEB7700215CD8 /* CharacterDetalsScreenView.swift */ = {isa = PBXFileReference; lastKnownFileType = sourcecode.swift; path = CharacterDetalsScreenView.swift; sourceTree = "<group>"; };
		05CF0FCF279EFB2E00215CD8 /* ThirdView.swift */ = {isa = PBXFileReference; lastKnownFileType = sourcecode.swift; path = ThirdView.swift; sourceTree = "<group>"; };
		05CF0FD4279F018900215CD8 /* Navigation.swift */ = {isa = PBXFileReference; fileEncoding = 4; lastKnownFileType = sourcecode.swift; path = Navigation.swift; sourceTree = "<group>"; };
		05CF0FD6279F019400215CD8 /* NavigationType.swift */ = {isa = PBXFileReference; fileEncoding = 4; lastKnownFileType = sourcecode.swift; path = NavigationType.swift; sourceTree = "<group>"; };
		05CF0FD8279F019C00215CD8 /* NavigationViewModifier.swift */ = {isa = PBXFileReference; fileEncoding = 4; lastKnownFileType = sourcecode.swift; path = NavigationViewModifier.swift; sourceTree = "<group>"; };
		05CF0FDC279FFFF300215CD8 /* ViewAlertInfo.swift */ = {isa = PBXFileReference; lastKnownFileType = sourcecode.swift; path = ViewAlertInfo.swift; sourceTree = "<group>"; };
		05CF0FDE27A008DA00215CD8 /* TabView+extensions.swift */ = {isa = PBXFileReference; lastKnownFileType = sourcecode.swift; path = "TabView+extensions.swift"; sourceTree = "<group>"; };
/* End PBXFileReference section */

/* Begin PBXFrameworksBuildPhase section */
		05CF0F81279EA65600215CD8 /* Frameworks */ = {
			isa = PBXFrameworksBuildPhase;
			buildActionMask = 2147483647;
			files = (
				05CF0FA3279EAF4200215CD8 /* SDWebImageSwiftUI in Frameworks */,
			);
			runOnlyForDeploymentPostprocessing = 0;
		};
/* End PBXFrameworksBuildPhase section */

/* Begin PBXGroup section */
		05CF0F7B279EA65600215CD8 = {
			isa = PBXGroup;
			children = (
				05CF0F86279EA65600215CD8 /* Marvel_SwiftUI_MVI */,
				05CF0F85279EA65600215CD8 /* Products */,
			);
			sourceTree = "<group>";
		};
		05CF0F85279EA65600215CD8 /* Products */ = {
			isa = PBXGroup;
			children = (
				05CF0F84279EA65600215CD8 /* Marvel_SwiftUI_MVI.app */,
			);
			name = Products;
			sourceTree = "<group>";
		};
		05CF0F86279EA65600215CD8 /* Marvel_SwiftUI_MVI */ = {
			isa = PBXGroup;
			children = (
				05CF0FB9279ECA9800215CD8 /* Classes */,
				05CF0FA6279EB12B00215CD8 /* Extensions */,
				05CF0F9E279EAD2200215CD8 /* Screens */,
				05CF0F9D279EAD0F00215CD8 /* App */,
				05CF0F90279EA65800215CD8 /* Assets.xcassets */,
				05CF0F92279EA65800215CD8 /* LaunchScreen.storyboard */,
				05CF0F95279EA65800215CD8 /* Info.plist */,
				05CF0FA4279EB0D700215CD8 /* Credentials.swift */,
			);
			path = Marvel_SwiftUI_MVI;
			sourceTree = "<group>";
		};
		05CF0F9D279EAD0F00215CD8 /* App */ = {
			isa = PBXGroup;
			children = (
				05CF0F87279EA65600215CD8 /* AppDelegate.swift */,
			);
			path = App;
			sourceTree = "<group>";
		};
		05CF0F9E279EAD2200215CD8 /* Screens */ = {
			isa = PBXGroup;
			children = (
				05CF0FCA279EEB6400215CD8 /* CharacterDetails */,
				05CF0FAC279EB1C700215CD8 /* Characters */,
				05CF0FAB279EB1BF00215CD8 /* Home */,
			);
			path = Screens;
			sourceTree = "<group>";
		};
		05CF0FA6279EB12B00215CD8 /* Extensions */ = {
			isa = PBXGroup;
			children = (
				05CF0FA7279EB14000215CD8 /* View+extensions.swift */,
				05CF0FB7279EBEE900215CD8 /* Binding+extensions.swift */,
				05CF0FDE27A008DA00215CD8 /* TabView+extensions.swift */,
			);
			path = Extensions;
			sourceTree = "<group>";
		};
		05CF0FAB279EB1BF00215CD8 /* Home */ = {
			isa = PBXGroup;
			children = (
				05CF0F9B279EA8CB00215CD8 /* HomeView.swift */,
				05CF0FA9279EB18E00215CD8 /* HomeViewModel.swift */,
			);
			path = Home;
			sourceTree = "<group>";
		};
		05CF0FAC279EB1C700215CD8 /* Characters */ = {
			isa = PBXGroup;
			children = (
				05CF0FAD279EB1EB00215CD8 /* CharactersScreenView.swift */,
				05CF0FAF279EB40700215CD8 /* CharactersViewModel.swift */,
				05CF0FB1279EB87E00215CD8 /* CharactersAction.swift */,
				05CF0FB3279EB88900215CD8 /* CharactersRoute.swift */,
				05CF0FB5279EBC6500215CD8 /* CharactersState.swift */,
				05CF0FC0279ECE2E00215CD8 /* CharactersModel.swift */,
			);
			path = Characters;
			sourceTree = "<group>";
		};
		05CF0FB9279ECA9800215CD8 /* Classes */ = {
			isa = PBXGroup;
			children = (
				05CF0FD3279F014B00215CD8 /* Navigation */,
				05CF0FC6279ED9FE00215CD8 /* MVI */,
				05CF0FC4279ED75D00215CD8 /* BaseView.swift */,
			);
			path = Classes;
			sourceTree = "<group>";
		};
		05CF0FC6279ED9FE00215CD8 /* MVI */ = {
			isa = PBXGroup;
			children = (
				05CF0FBA279ECAAE00215CD8 /* InputAction.swift */,
				05CF0FBC279ECAED00215CD8 /* ViewModelStatefull.swift */,
				05CF0FBE279ECD7100215CD8 /* ViewState.swift */,
				05CF0FC2279ED0BE00215CD8 /* ViewRoute.swift */,
				05CF0FDC279FFFF300215CD8 /* ViewAlertInfo.swift */,
			);
			path = MVI;
			sourceTree = "<group>";
		};
		05CF0FCA279EEB6400215CD8 /* CharacterDetails */ = {
			isa = PBXGroup;
			children = (
				05CF0FCB279EEB7700215CD8 /* CharacterDetalsScreenView.swift */,
				05CF0FCF279EFB2E00215CD8 /* ThirdView.swift */,
			);
			path = CharacterDetails;
			sourceTree = "<group>";
		};
		05CF0FD3279F014B00215CD8 /* Navigation */ = {
			isa = PBXGroup;
			children = (
				05CF0FD8279F019C00215CD8 /* NavigationViewModifier.swift */,
				05CF0FD6279F019400215CD8 /* NavigationType.swift */,
				05CF0FD4279F018900215CD8 /* Navigation.swift */,
			);
			path = Navigation;
			sourceTree = "<group>";
		};
/* End PBXGroup section */

/* Begin PBXNativeTarget section */
		05CF0F83279EA65600215CD8 /* Marvel_SwiftUI_MVI */ = {
			isa = PBXNativeTarget;
			buildConfigurationList = 05CF0F98279EA65800215CD8 /* Build configuration list for PBXNativeTarget "Marvel_SwiftUI_MVI" */;
			buildPhases = (
				05CF0F80279EA65600215CD8 /* Sources */,
				05CF0F81279EA65600215CD8 /* Frameworks */,
				05CF0F82279EA65600215CD8 /* Resources */,
			);
			buildRules = (
			);
			dependencies = (
			);
			name = Marvel_SwiftUI_MVI;
			packageProductDependencies = (
				05CF0FA2279EAF4200215CD8 /* SDWebImageSwiftUI */,
			);
			productName = Marvel_SwiftUI_MVI;
			productReference = 05CF0F84279EA65600215CD8 /* Marvel_SwiftUI_MVI.app */;
			productType = "com.apple.product-type.application";
		};
/* End PBXNativeTarget section */

/* Begin PBXProject section */
		05CF0F7C279EA65600215CD8 /* Project object */ = {
			isa = PBXProject;
			attributes = {
				BuildIndependentTargetsInParallel = 1;
				LastSwiftUpdateCheck = 1310;
				LastUpgradeCheck = 1310;
				TargetAttributes = {
					05CF0F83279EA65600215CD8 = {
						CreatedOnToolsVersion = 13.1;
					};
				};
			};
			buildConfigurationList = 05CF0F7F279EA65600215CD8 /* Build configuration list for PBXProject "Marvel_SwiftUI_MVI" */;
			compatibilityVersion = "Xcode 13.0";
			developmentRegion = en;
			hasScannedForEncodings = 0;
			knownRegions = (
				en,
				Base,
			);
			mainGroup = 05CF0F7B279EA65600215CD8;
			packageReferences = (
				05CF0FA1279EAF4200215CD8 /* XCRemoteSwiftPackageReference "SDWebImageSwiftUI" */,
			);
			productRefGroup = 05CF0F85279EA65600215CD8 /* Products */;
			projectDirPath = "";
			projectRoot = "";
			targets = (
				05CF0F83279EA65600215CD8 /* Marvel_SwiftUI_MVI */,
			);
		};
/* End PBXProject section */

/* Begin PBXResourcesBuildPhase section */
		05CF0F82279EA65600215CD8 /* Resources */ = {
			isa = PBXResourcesBuildPhase;
			buildActionMask = 2147483647;
			files = (
				05CF0F94279EA65800215CD8 /* LaunchScreen.storyboard in Resources */,
				05CF0F91279EA65800215CD8 /* Assets.xcassets in Resources */,
			);
			runOnlyForDeploymentPostprocessing = 0;
		};
/* End PBXResourcesBuildPhase section */

/* Begin PBXSourcesBuildPhase section */
		05CF0F80279EA65600215CD8 /* Sources */ = {
			isa = PBXSourcesBuildPhase;
			buildActionMask = 2147483647;
			files = (
				05CF0FA5279EB0D700215CD8 /* Credentials.swift in Sources */,
				05CF0FB0279EB40700215CD8 /* CharactersViewModel.swift in Sources */,
				05CF0FBB279ECAAE00215CD8 /* InputAction.swift in Sources */,
				05CF0FC5279ED75D00215CD8 /* BaseView.swift in Sources */,
				05CF0FC1279ECE2F00215CD8 /* CharactersModel.swift in Sources */,
				05CF0FC3279ED0BE00215CD8 /* ViewRoute.swift in Sources */,
				05CF0F88279EA65600215CD8 /* AppDelegate.swift in Sources */,
				05CF0FD5279F018900215CD8 /* Navigation.swift in Sources */,
				05CF0FD0279EFB2E00215CD8 /* ThirdView.swift in Sources */,
				05CF0FAE279EB1EB00215CD8 /* CharactersScreenView.swift in Sources */,
				05CF0FA8279EB14000215CD8 /* View+extensions.swift in Sources */,
				05CF0FD7279F019400215CD8 /* NavigationType.swift in Sources */,
				05CF0FB6279EBC6500215CD8 /* CharactersState.swift in Sources */,
				05CF0FB4279EB88900215CD8 /* CharactersRoute.swift in Sources */,
				05CF0FBF279ECD7100215CD8 /* ViewState.swift in Sources */,
				05CF0FD9279F019C00215CD8 /* NavigationViewModifier.swift in Sources */,
				05CF0FAA279EB18E00215CD8 /* HomeViewModel.swift in Sources */,
				05CF0FCC279EEB7700215CD8 /* CharacterDetalsScreenView.swift in Sources */,
				05CF0FBD279ECAED00215CD8 /* ViewModelStatefull.swift in Sources */,
				05CF0F9C279EA8CB00215CD8 /* HomeView.swift in Sources */,
				05CF0FDF27A008DA00215CD8 /* TabView+extensions.swift in Sources */,
				05CF0FDD279FFFF300215CD8 /* ViewAlertInfo.swift in Sources */,
				05CF0FB2279EB87E00215CD8 /* CharactersAction.swift in Sources */,
				05CF0FB8279EBEE900215CD8 /* Binding+extensions.swift in Sources */,
			);
			runOnlyForDeploymentPostprocessing = 0;
		};
/* End PBXSourcesBuildPhase section */

/* Begin PBXVariantGroup section */
		05CF0F92279EA65800215CD8 /* LaunchScreen.storyboard */ = {
			isa = PBXVariantGroup;
			children = (
				05CF0F93279EA65800215CD8 /* Base */,
			);
			name = LaunchScreen.storyboard;
			sourceTree = "<group>";
		};
/* End PBXVariantGroup section */

/* Begin XCBuildConfiguration section */
		05CF0F96279EA65800215CD8 /* Debug */ = {
			isa = XCBuildConfiguration;
			buildSettings = {
				ALWAYS_SEARCH_USER_PATHS = NO;
				CLANG_ANALYZER_NONNULL = YES;
				CLANG_ANALYZER_NUMBER_OBJECT_CONVERSION = YES_AGGRESSIVE;
				CLANG_CXX_LANGUAGE_STANDARD = "gnu++17";
				CLANG_CXX_LIBRARY = "libc++";
				CLANG_ENABLE_MODULES = YES;
				CLANG_ENABLE_OBJC_ARC = YES;
				CLANG_ENABLE_OBJC_WEAK = YES;
				CLANG_WARN_BLOCK_CAPTURE_AUTORELEASING = YES;
				CLANG_WARN_BOOL_CONVERSION = YES;
				CLANG_WARN_COMMA = YES;
				CLANG_WARN_CONSTANT_CONVERSION = YES;
				CLANG_WARN_DEPRECATED_OBJC_IMPLEMENTATIONS = YES;
				CLANG_WARN_DIRECT_OBJC_ISA_USAGE = YES_ERROR;
				CLANG_WARN_DOCUMENTATION_COMMENTS = YES;
				CLANG_WARN_EMPTY_BODY = YES;
				CLANG_WARN_ENUM_CONVERSION = YES;
				CLANG_WARN_INFINITE_RECURSION = YES;
				CLANG_WARN_INT_CONVERSION = YES;
				CLANG_WARN_NON_LITERAL_NULL_CONVERSION = YES;
				CLANG_WARN_OBJC_IMPLICIT_RETAIN_SELF = YES;
				CLANG_WARN_OBJC_LITERAL_CONVERSION = YES;
				CLANG_WARN_OBJC_ROOT_CLASS = YES_ERROR;
				CLANG_WARN_QUOTED_INCLUDE_IN_FRAMEWORK_HEADER = YES;
				CLANG_WARN_RANGE_LOOP_ANALYSIS = YES;
				CLANG_WARN_STRICT_PROTOTYPES = YES;
				CLANG_WARN_SUSPICIOUS_MOVE = YES;
				CLANG_WARN_UNGUARDED_AVAILABILITY = YES_AGGRESSIVE;
				CLANG_WARN_UNREACHABLE_CODE = YES;
				CLANG_WARN__DUPLICATE_METHOD_MATCH = YES;
				COPY_PHASE_STRIP = NO;
				DEBUG_INFORMATION_FORMAT = dwarf;
				ENABLE_STRICT_OBJC_MSGSEND = YES;
				ENABLE_TESTABILITY = YES;
				GCC_C_LANGUAGE_STANDARD = gnu11;
				GCC_DYNAMIC_NO_PIC = NO;
				GCC_NO_COMMON_BLOCKS = YES;
				GCC_OPTIMIZATION_LEVEL = 0;
				GCC_PREPROCESSOR_DEFINITIONS = (
					"DEBUG=1",
					"$(inherited)",
				);
				GCC_WARN_64_TO_32_BIT_CONVERSION = YES;
				GCC_WARN_ABOUT_RETURN_TYPE = YES_ERROR;
				GCC_WARN_UNDECLARED_SELECTOR = YES;
				GCC_WARN_UNINITIALIZED_AUTOS = YES_AGGRESSIVE;
				GCC_WARN_UNUSED_FUNCTION = YES;
				GCC_WARN_UNUSED_VARIABLE = YES;
				IPHONEOS_DEPLOYMENT_TARGET = 14.0;
				MTL_ENABLE_DEBUG_INFO = INCLUDE_SOURCE;
				MTL_FAST_MATH = YES;
				ONLY_ACTIVE_ARCH = YES;
				SDKROOT = iphoneos;
				SWIFT_ACTIVE_COMPILATION_CONDITIONS = DEBUG;
				SWIFT_OPTIMIZATION_LEVEL = "-Onone";
			};
			name = Debug;
		};
		05CF0F97279EA65800215CD8 /* Release */ = {
			isa = XCBuildConfiguration;
			buildSettings = {
				ALWAYS_SEARCH_USER_PATHS = NO;
				CLANG_ANALYZER_NONNULL = YES;
				CLANG_ANALYZER_NUMBER_OBJECT_CONVERSION = YES_AGGRESSIVE;
				CLANG_CXX_LANGUAGE_STANDARD = "gnu++17";
				CLANG_CXX_LIBRARY = "libc++";
				CLANG_ENABLE_MODULES = YES;
				CLANG_ENABLE_OBJC_ARC = YES;
				CLANG_ENABLE_OBJC_WEAK = YES;
				CLANG_WARN_BLOCK_CAPTURE_AUTORELEASING = YES;
				CLANG_WARN_BOOL_CONVERSION = YES;
				CLANG_WARN_COMMA = YES;
				CLANG_WARN_CONSTANT_CONVERSION = YES;
				CLANG_WARN_DEPRECATED_OBJC_IMPLEMENTATIONS = YES;
				CLANG_WARN_DIRECT_OBJC_ISA_USAGE = YES_ERROR;
				CLANG_WARN_DOCUMENTATION_COMMENTS = YES;
				CLANG_WARN_EMPTY_BODY = YES;
				CLANG_WARN_ENUM_CONVERSION = YES;
				CLANG_WARN_INFINITE_RECURSION = YES;
				CLANG_WARN_INT_CONVERSION = YES;
				CLANG_WARN_NON_LITERAL_NULL_CONVERSION = YES;
				CLANG_WARN_OBJC_IMPLICIT_RETAIN_SELF = YES;
				CLANG_WARN_OBJC_LITERAL_CONVERSION = YES;
				CLANG_WARN_OBJC_ROOT_CLASS = YES_ERROR;
				CLANG_WARN_QUOTED_INCLUDE_IN_FRAMEWORK_HEADER = YES;
				CLANG_WARN_RANGE_LOOP_ANALYSIS = YES;
				CLANG_WARN_STRICT_PROTOTYPES = YES;
				CLANG_WARN_SUSPICIOUS_MOVE = YES;
				CLANG_WARN_UNGUARDED_AVAILABILITY = YES_AGGRESSIVE;
				CLANG_WARN_UNREACHABLE_CODE = YES;
				CLANG_WARN__DUPLICATE_METHOD_MATCH = YES;
				COPY_PHASE_STRIP = NO;
				DEBUG_INFORMATION_FORMAT = "dwarf-with-dsym";
				ENABLE_NS_ASSERTIONS = NO;
				ENABLE_STRICT_OBJC_MSGSEND = YES;
				GCC_C_LANGUAGE_STANDARD = gnu11;
				GCC_NO_COMMON_BLOCKS = YES;
				GCC_WARN_64_TO_32_BIT_CONVERSION = YES;
				GCC_WARN_ABOUT_RETURN_TYPE = YES_ERROR;
				GCC_WARN_UNDECLARED_SELECTOR = YES;
				GCC_WARN_UNINITIALIZED_AUTOS = YES_AGGRESSIVE;
				GCC_WARN_UNUSED_FUNCTION = YES;
				GCC_WARN_UNUSED_VARIABLE = YES;
				IPHONEOS_DEPLOYMENT_TARGET = 14.0;
				MTL_ENABLE_DEBUG_INFO = NO;
				MTL_FAST_MATH = YES;
				SDKROOT = iphoneos;
				SWIFT_COMPILATION_MODE = wholemodule;
				SWIFT_OPTIMIZATION_LEVEL = "-O";
				VALIDATE_PRODUCT = YES;
			};
			name = Release;
		};
		05CF0F99279EA65800215CD8 /* Debug */ = {
			isa = XCBuildConfiguration;
			buildSettings = {
				ASSETCATALOG_COMPILER_APPICON_NAME = AppIcon;
				ASSETCATALOG_COMPILER_GLOBAL_ACCENT_COLOR_NAME = AccentColor;
				CODE_SIGN_STYLE = Automatic;
				CURRENT_PROJECT_VERSION = 1;
				DEVELOPMENT_TEAM = 3LH58YF246;
				GENERATE_INFOPLIST_FILE = YES;
				INFOPLIST_FILE = Marvel_SwiftUI_MVI/Info.plist;
				INFOPLIST_KEY_UIApplicationSupportsIndirectInputEvents = YES;
				INFOPLIST_KEY_UILaunchStoryboardName = LaunchScreen;
				INFOPLIST_KEY_UISupportedInterfaceOrientations = UIInterfaceOrientationPortrait;
				INFOPLIST_KEY_UISupportedInterfaceOrientations_iPad = "UIInterfaceOrientationPortrait UIInterfaceOrientationPortraitUpsideDown UIInterfaceOrientationLandscapeLeft UIInterfaceOrientationLandscapeRight";
				INFOPLIST_KEY_UISupportedInterfaceOrientations_iPhone = "UIInterfaceOrientationPortrait UIInterfaceOrientationLandscapeLeft UIInterfaceOrientationLandscapeRight";
				IPHONEOS_DEPLOYMENT_TARGET = 14.0;
				LD_RUNPATH_SEARCH_PATHS = (
					"$(inherited)",
					"@executable_path/Frameworks",
				);
				MARKETING_VERSION = 1.0;
				PRODUCT_BUNDLE_IDENTIFIER = "pavel-developing.Marvel-SwiftUI-MVI";
				PRODUCT_NAME = "$(TARGET_NAME)";
				SWIFT_EMIT_LOC_STRINGS = YES;
				SWIFT_VERSION = 5.0;
				TARGETED_DEVICE_FAMILY = "1,2";
			};
			name = Debug;
		};
		05CF0F9A279EA65800215CD8 /* Release */ = {
			isa = XCBuildConfiguration;
			buildSettings = {
				ASSETCATALOG_COMPILER_APPICON_NAME = AppIcon;
				ASSETCATALOG_COMPILER_GLOBAL_ACCENT_COLOR_NAME = AccentColor;
				CODE_SIGN_STYLE = Automatic;
				CURRENT_PROJECT_VERSION = 1;
				DEVELOPMENT_TEAM = 3LH58YF246;
				GENERATE_INFOPLIST_FILE = YES;
				INFOPLIST_FILE = Marvel_SwiftUI_MVI/Info.plist;
				INFOPLIST_KEY_UIApplicationSupportsIndirectInputEvents = YES;
				INFOPLIST_KEY_UILaunchStoryboardName = LaunchScreen;
				INFOPLIST_KEY_UISupportedInterfaceOrientations = UIInterfaceOrientationPortrait;
				INFOPLIST_KEY_UISupportedInterfaceOrientations_iPad = "UIInterfaceOrientationPortrait UIInterfaceOrientationPortraitUpsideDown UIInterfaceOrientationLandscapeLeft UIInterfaceOrientationLandscapeRight";
				INFOPLIST_KEY_UISupportedInterfaceOrientations_iPhone = "UIInterfaceOrientationPortrait UIInterfaceOrientationLandscapeLeft UIInterfaceOrientationLandscapeRight";
				IPHONEOS_DEPLOYMENT_TARGET = 14.0;
				LD_RUNPATH_SEARCH_PATHS = (
					"$(inherited)",
					"@executable_path/Frameworks",
				);
				MARKETING_VERSION = 1.0;
				PRODUCT_BUNDLE_IDENTIFIER = "pavel-developing.Marvel-SwiftUI-MVI";
				PRODUCT_NAME = "$(TARGET_NAME)";
				SWIFT_EMIT_LOC_STRINGS = YES;
				SWIFT_VERSION = 5.0;
				TARGETED_DEVICE_FAMILY = "1,2";
			};
			name = Release;
		};
/* End XCBuildConfiguration section */

/* Begin XCConfigurationList section */
		05CF0F7F279EA65600215CD8 /* Build configuration list for PBXProject "Marvel_SwiftUI_MVI" */ = {
			isa = XCConfigurationList;
			buildConfigurations = (
				05CF0F96279EA65800215CD8 /* Debug */,
				05CF0F97279EA65800215CD8 /* Release */,
			);
			defaultConfigurationIsVisible = 0;
			defaultConfigurationName = Release;
		};
		05CF0F98279EA65800215CD8 /* Build configuration list for PBXNativeTarget "Marvel_SwiftUI_MVI" */ = {
			isa = XCConfigurationList;
			buildConfigurations = (
				05CF0F99279EA65800215CD8 /* Debug */,
				05CF0F9A279EA65800215CD8 /* Release */,
			);
			defaultConfigurationIsVisible = 0;
			defaultConfigurationName = Release;
		};
/* End XCConfigurationList section */

/* Begin XCRemoteSwiftPackageReference section */
		05CF0FA1279EAF4200215CD8 /* XCRemoteSwiftPackageReference "SDWebImageSwiftUI" */ = {
			isa = XCRemoteSwiftPackageReference;
			repositoryURL = "https://github.com/SDWebImage/SDWebImageSwiftUI.git";
			requirement = {
				kind = upToNextMajorVersion;
				minimumVersion = 2.0.0;
			};
		};
/* End XCRemoteSwiftPackageReference section */

/* Begin XCSwiftPackageProductDependency section */
		05CF0FA2279EAF4200215CD8 /* SDWebImageSwiftUI */ = {
			isa = XCSwiftPackageProductDependency;
			package = 05CF0FA1279EAF4200215CD8 /* XCRemoteSwiftPackageReference "SDWebImageSwiftUI" */;
			productName = SDWebImageSwiftUI;
		};
/* End XCSwiftPackageProductDependency section */
	};
	rootObject = 05CF0F7C279EA65600215CD8 /* Project object */;
}
